{
  "name": "autoGraph",
  "lockfileVersion": 3,
  "requires": true,
  "packages": {
    "": {
      "dependencies": {
        "jsxgraph": "^1.12.2"
      }
    },
    "node_modules/jsxgraph": {
      "version": "1.12.2",
      "resolved": "https://registry.npmmirror.com/jsxgraph/-/jsxgraph-1.12.2.tgz",
      "integrity": "sha512-7kTscexFVBHirsBrxZFQg2hA6Mf/Pa2piojNgxHZ9i/rQfxDAaq7p8oD9/009clQTFQ9fNLUpmDKwV+84zA2Gg==",
      "license": "(MIT OR LGPL-3.0-or-later)",
      "dependencies": {
        "jsxgraph": "^1.11.0-beta2"
      },
      "engines": {
        "node": ">=0.6.0"
      }
    }
  }
}
